
Microsoft Visual Studio Solution File, Format Version 12.00
# Visual Studio Version 16
VisualStudioVersion = 16.0.31112.23
MinimumVisualStudioVersion = 10.0.40219.1
Project("{FAE04EC0-301F-11D3-BF4B-00C04F79EFBC}") = "Test-Repository", "Test-Repository.csproj", "{5A81F4FD-B5C6-407F-AFFE-098DDB2BBE14}"
EndProject
Global
	GlobalSection(SolutionConfigurationPlatforms) = preSolution
		Debug|Any CPU = Debug|Any CPU
		Release|Any CPU = Release|Any CPU
	EndGlobalSection
	GlobalSection(ProjectConfigurationPlatforms) = postSolution
		{5A81F4FD-B5C6-407F-AFFE-098DDB2BBE14}.Debug|Any CPU.ActiveCfg = Debug|Any CPU
		{5A81F4FD-B5C6-407F-AFFE-098DDB2BBE14}.Debug|Any CPU.Build.0 = Debug|Any CPU
		{5A81F4FD-B5C6-407F-AFFE-098DDB2BBE14}.Release|Any CPU.ActiveCfg = Release|Any CPU
		{5A81F4FD-B5C6-407F-AFFE-098DDB2BBE14}.Release|Any CPU.Build.0 = Release|Any CPU
	EndGlobalSection
	GlobalSection(SolutionProperties) = preSolution
		HideSolutionNode = FALSE
	EndGlobalSection
	GlobalSection(ExtensibilityGlobals) = postSolution
		SolutionGuid = {AB269F51-0C09-4F7D-ACE5-3F2E896D84FD}
	EndGlobalSection
EndGlobal
